// !$*UTF8*$!
{
	archiveVersion = 1;
	classes = {
	};
	objectVersion = 56;
	objects = {

/* Begin PBXBuildFile section */
		6877B5E62D6C977200C25772 /* AppDelegate.swift in Sources */ = {isa = PBXBuildFile; fileRef = 6877B5E52D6C977200C25772 /* AppDelegate.swift */; };
		6877B5E82D6C977200C25772 /* SceneDelegate.swift in Sources */ = {isa = PBXBuildFile; fileRef = 6877B5E72D6C977200C25772 /* SceneDelegate.swift */; };
		6877B5EA2D6C977200C25772 /* ViewController.swift in Sources */ = {isa = PBXBuildFile; fileRef = 6877B5E92D6C977200C25772 /* ViewController.swift */; };
		6877B5F02D6C977200C25772 /* ToDoList.xcdatamodeld in Sources */ = {isa = PBXBuildFile; fileRef = 6877B5EE2D6C977200C25772 /* ToDoList.xcdatamodeld */; };
		6877B5F22D6C977400C25772 /* Assets.xcassets in Resources */ = {isa = PBXBuildFile; fileRef = 6877B5F12D6C977400C25772 /* Assets.xcassets */; };
		6877B5F52D6C977400C25772 /* LaunchScreen.storyboard in Resources */ = {isa = PBXBuildFile; fileRef = 6877B5F32D6C977400C25772 /* LaunchScreen.storyboard */; };
		6877B5FE2D6C989500C25772 /* TaskViewController.swift in Sources */ = {isa = PBXBuildFile; fileRef = 6877B5FD2D6C989500C25772 /* TaskViewController.swift */; };
		6877B6022D6C992500C25772 /* TaskCell.swift in Sources */ = {isa = PBXBuildFile; fileRef = 6877B6012D6C992500C25772 /* TaskCell.swift */; };
		6877B60A2D6CA1A300C25772 /* SnapKit in Frameworks */ = {isa = PBXBuildFile; productRef = 6877B6092D6CA1A300C25772 /* SnapKit */; };
		6877B60C2D6CA1A300C25772 /* SnapKit-Dynamic in Frameworks */ = {isa = PBXBuildFile; productRef = 6877B60B2D6CA1A300C25772 /* SnapKit-Dynamic */; };
		6877B60F2D6CD9C600C25772 /* TaskDetailViewController.swift in Sources */ = {isa = PBXBuildFile; fileRef = 6877B60E2D6CD9C600C25772 /* TaskDetailViewController.swift */; };
		6877B6112D6CDA6200C25772 /* TaskDetailCell.swift in Sources */ = {isa = PBXBuildFile; fileRef = 6877B6102D6CDA6200C25772 /* TaskDetailCell.swift */; };
		6877B6142D6CDAA400C25772 /* MockDataResponse.swift in Sources */ = {isa = PBXBuildFile; fileRef = 6877B6132D6CDAA400C25772 /* MockDataResponse.swift */; };
		689E7D422D74832800058295 /* APIClient.swift in Sources */ = {isa = PBXBuildFile; fileRef = 689E7D412D74832800058295 /* APIClient.swift */; };
		68BDD5EF2D749E8D007B71CD /* UView+Ext.swift in Sources */ = {isa = PBXBuildFile; fileRef = 68BDD5EE2D749E8D007B71CD /* UView+Ext.swift */; };
		68BDD5F12D749E99007B71CD /* UIColor+Ext.swift in Sources */ = {isa = PBXBuildFile; fileRef = 68BDD5F02D749E99007B71CD /* UIColor+Ext.swift */; };
		68BDD5F32D749F6C007B71CD /* Reusable.swift in Sources */ = {isa = PBXBuildFile; fileRef = 68BDD5F22D749F6C007B71CD /* Reusable.swift */; };
		68BDD5F52D74A261007B71CD /* UILabel+Ext.swift in Sources */ = {isa = PBXBuildFile; fileRef = 68BDD5F42D74A261007B71CD /* UILabel+Ext.swift */; };
		68BDD5F72D74A310007B71CD /* BaseView + Ext.swift in Sources */ = {isa = PBXBuildFile; fileRef = 68BDD5F62D74A310007B71CD /* BaseView + Ext.swift */; };
		68BDD5F92D74A415007B71CD /* UIStackView + Ext.swift in Sources */ = {isa = PBXBuildFile; fileRef = 68BDD5F82D74A415007B71CD /* UIStackView + Ext.swift */; };
/* End PBXBuildFile section */

/* Begin PBXFileReference section */
		6877B5E22D6C977200C25772 /* ToDoList.app */ = {isa = PBXFileReference; explicitFileType = wrapper.application; includeInIndex = 0; path = ToDoList.app; sourceTree = BUILT_PRODUCTS_DIR; };
		6877B5E52D6C977200C25772 /* AppDelegate.swift */ = {isa = PBXFileReference; lastKnownFileType = sourcecode.swift; path = AppDelegate.swift; sourceTree = "<group>"; };
		6877B5E72D6C977200C25772 /* SceneDelegate.swift */ = {isa = PBXFileReference; lastKnownFileType = sourcecode.swift; path = SceneDelegate.swift; sourceTree = "<group>"; };
		6877B5E92D6C977200C25772 /* ViewController.swift */ = {isa = PBXFileReference; lastKnownFileType = sourcecode.swift; path = ViewController.swift; sourceTree = "<group>"; };
		6877B5EF2D6C977200C25772 /* ToDoList.xcdatamodel */ = {isa = PBXFileReference; lastKnownFileType = wrapper.xcdatamodel; path = ToDoList.xcdatamodel; sourceTree = "<group>"; };
		6877B5F12D6C977400C25772 /* Assets.xcassets */ = {isa = PBXFileReference; lastKnownFileType = folder.assetcatalog; path = Assets.xcassets; sourceTree = "<group>"; };
		6877B5F42D6C977400C25772 /* Base */ = {isa = PBXFileReference; lastKnownFileType = file.storyboard; name = Base; path = Base.lproj/LaunchScreen.storyboard; sourceTree = "<group>"; };
		6877B5F62D6C977400C25772 /* Info.plist */ = {isa = PBXFileReference; lastKnownFileType = text.plist.xml; path = Info.plist; sourceTree = "<group>"; };
		6877B5FD2D6C989500C25772 /* TaskViewController.swift */ = {isa = PBXFileReference; lastKnownFileType = sourcecode.swift; path = TaskViewController.swift; sourceTree = "<group>"; };
		6877B6012D6C992500C25772 /* TaskCell.swift */ = {isa = PBXFileReference; lastKnownFileType = sourcecode.swift; path = TaskCell.swift; sourceTree = "<group>"; };
		6877B60E2D6CD9C600C25772 /* TaskDetailViewController.swift */ = {isa = PBXFileReference; lastKnownFileType = sourcecode.swift; path = TaskDetailViewController.swift; sourceTree = "<group>"; };
		6877B6102D6CDA6200C25772 /* TaskDetailCell.swift */ = {isa = PBXFileReference; lastKnownFileType = sourcecode.swift; path = TaskDetailCell.swift; sourceTree = "<group>"; };
		6877B6132D6CDAA400C25772 /* MockDataResponse.swift */ = {isa = PBXFileReference; lastKnownFileType = sourcecode.swift; path = MockDataResponse.swift; sourceTree = "<group>"; };
		689E7D412D74832800058295 /* APIClient.swift */ = {isa = PBXFileReference; lastKnownFileType = sourcecode.swift; path = APIClient.swift; sourceTree = "<group>"; };
		68BDD5EE2D749E8D007B71CD /* UView+Ext.swift */ = {isa = PBXFileReference; lastKnownFileType = sourcecode.swift; path = "UView+Ext.swift"; sourceTree = "<group>"; };
		68BDD5F02D749E99007B71CD /* UIColor+Ext.swift */ = {isa = PBXFileReference; lastKnownFileType = sourcecode.swift; path = "UIColor+Ext.swift"; sourceTree = "<group>"; };
		68BDD5F22D749F6C007B71CD /* Reusable.swift */ = {isa = PBXFileReference; lastKnownFileType = sourcecode.swift; name = Reusable.swift; path = ../../../../../../Applications/Reusable.swift; sourceTree = "<group>"; };
		68BDD5F42D74A261007B71CD /* UILabel+Ext.swift */ = {isa = PBXFileReference; lastKnownFileType = sourcecode.swift; path = "UILabel+Ext.swift"; sourceTree = "<group>"; };
		68BDD5F62D74A310007B71CD /* BaseView + Ext.swift */ = {isa = PBXFileReference; lastKnownFileType = sourcecode.swift; path = "BaseView + Ext.swift"; sourceTree = "<group>"; };
		68BDD5F82D74A415007B71CD /* UIStackView + Ext.swift */ = {isa = PBXFileReference; lastKnownFileType = sourcecode.swift; path = "UIStackView + Ext.swift"; sourceTree = "<group>"; };
/* End PBXFileReference section */

/* Begin PBXFrameworksBuildPhase section */
		6877B5DF2D6C977200C25772 /* Frameworks */ = {
			isa = PBXFrameworksBuildPhase;
			buildActionMask = 2147483647;
			files = (
				6877B60A2D6CA1A300C25772 /* SnapKit in Frameworks */,
				6877B60C2D6CA1A300C25772 /* SnapKit-Dynamic in Frameworks */,
			);
			runOnlyForDeploymentPostprocessing = 0;
		};
/* End PBXFrameworksBuildPhase section */

/* Begin PBXGroup section */
		6877B5D92D6C977200C25772 = {
			isa = PBXGroup;
			children = (
				6877B5E42D6C977200C25772 /* ToDoList */,
				6877B5E32D6C977200C25772 /* Products */,
			);
			sourceTree = "<group>";
		};
		6877B5E32D6C977200C25772 /* Products */ = {
			isa = PBXGroup;
			children = (
				6877B5E22D6C977200C25772 /* ToDoList.app */,
			);
			name = Products;
			sourceTree = "<group>";
		};
		6877B5E42D6C977200C25772 /* ToDoList */ = {
			isa = PBXGroup;
			children = (
				6877B6122D6CDA9200C25772 /* Models */,
				6877B6032D6C9FC300C25772 /* Extension */,
				6877B60D2D6CD99600C25772 /* TaskDetails */,
				6877B5FC2D6C985A00C25772 /* Tasks */,
				6877B5E52D6C977200C25772 /* AppDelegate.swift */,
				6877B5E72D6C977200C25772 /* SceneDelegate.swift */,
				6877B5E92D6C977200C25772 /* ViewController.swift */,
				6877B5F12D6C977400C25772 /* Assets.xcassets */,
				6877B5F32D6C977400C25772 /* LaunchScreen.storyboard */,
				6877B5F62D6C977400C25772 /* Info.plist */,
				6877B5EE2D6C977200C25772 /* ToDoList.xcdatamodeld */,
			);
			path = ToDoList;
			sourceTree = "<group>";
		};
		6877B5FC2D6C985A00C25772 /* Tasks */ = {
			isa = PBXGroup;
			children = (
				6877B5FD2D6C989500C25772 /* TaskViewController.swift */,
				6877B6012D6C992500C25772 /* TaskCell.swift */,
			);
			path = Tasks;
			sourceTree = "<group>";
		};
		6877B6032D6C9FC300C25772 /* Extension */ = {
			isa = PBXGroup;
			children = (
				68BDD5EE2D749E8D007B71CD /* UView+Ext.swift */,
				68BDD5F22D749F6C007B71CD /* Reusable.swift */,
				68BDD5F02D749E99007B71CD /* UIColor+Ext.swift */,
				68BDD5F42D74A261007B71CD /* UILabel+Ext.swift */,
				68BDD5F62D74A310007B71CD /* BaseView + Ext.swift */,
				68BDD5F82D74A415007B71CD /* UIStackView + Ext.swift */,
			);
			path = Extension;
			sourceTree = "<group>";
		};
		6877B60D2D6CD99600C25772 /* TaskDetails */ = {
			isa = PBXGroup;
			children = (
				6877B60E2D6CD9C600C25772 /* TaskDetailViewController.swift */,
				6877B6102D6CDA6200C25772 /* TaskDetailCell.swift */,
			);
			path = TaskDetails;
			sourceTree = "<group>";
		};
		6877B6122D6CDA9200C25772 /* Models */ = {
			isa = PBXGroup;
			children = (
				6877B6132D6CDAA400C25772 /* MockDataResponse.swift */,
				689E7D412D74832800058295 /* APIClient.swift */,
			);
			path = Models;
			sourceTree = "<group>";
		};
/* End PBXGroup section */

/* Begin PBXNativeTarget section */
		6877B5E12D6C977200C25772 /* ToDoList */ = {
			isa = PBXNativeTarget;
			buildConfigurationList = 6877B5F92D6C977400C25772 /* Build configuration list for PBXNativeTarget "ToDoList" */;
			buildPhases = (
				6877B5DE2D6C977200C25772 /* Sources */,
				6877B5DF2D6C977200C25772 /* Frameworks */,
				6877B5E02D6C977200C25772 /* Resources */,
			);
			buildRules = (
			);
			dependencies = (
			);
			name = ToDoList;
			packageProductDependencies = (
				6877B6092D6CA1A300C25772 /* SnapKit */,
				6877B60B2D6CA1A300C25772 /* SnapKit-Dynamic */,
			);
			productName = ToDoList;
			productReference = 6877B5E22D6C977200C25772 /* ToDoList.app */;
			productType = "com.apple.product-type.application";
		};
/* End PBXNativeTarget section */

/* Begin PBXProject section */
		6877B5DA2D6C977200C25772 /* Project object */ = {
			isa = PBXProject;
			attributes = {
				BuildIndependentTargetsInParallel = 1;
				LastSwiftUpdateCheck = 1510;
				LastUpgradeCheck = 1510;
				TargetAttributes = {
					6877B5E12D6C977200C25772 = {
						CreatedOnToolsVersion = 15.1;
					};
				};
			};
			buildConfigurationList = 6877B5DD2D6C977200C25772 /* Build configuration list for PBXProject "ToDoList" */;
			compatibilityVersion = "Xcode 14.0";
			developmentRegion = en;
			hasScannedForEncodings = 0;
			knownRegions = (
				en,
				Base,
			);
			mainGroup = 6877B5D92D6C977200C25772;
			packageReferences = (
				6877B6082D6CA1A300C25772 /* XCRemoteSwiftPackageReference "SnapKit" */,
			);
			productRefGroup = 6877B5E32D6C977200C25772 /* Products */;
			projectDirPath = "";
			projectRoot = "";
			targets = (
				6877B5E12D6C977200C25772 /* ToDoList */,
			);
		};
/* End PBXProject section */

/* Begin PBXResourcesBuildPhase section */
		6877B5E02D6C977200C25772 /* Resources */ = {
			isa = PBXResourcesBuildPhase;
			buildActionMask = 2147483647;
			files = (
				6877B5F52D6C977400C25772 /* LaunchScreen.storyboard in Resources */,
				6877B5F22D6C977400C25772 /* Assets.xcassets in Resources */,
			);
			runOnlyForDeploymentPostprocessing = 0;
		};
/* End PBXResourcesBuildPhase section */

/* Begin PBXSourcesBuildPhase section */
		6877B5DE2D6C977200C25772 /* Sources */ = {
			isa = PBXSourcesBuildPhase;
			buildActionMask = 2147483647;
			files = (
				6877B60F2D6CD9C600C25772 /* TaskDetailViewController.swift in Sources */,
				6877B5EA2D6C977200C25772 /* ViewController.swift in Sources */,
				6877B5E62D6C977200C25772 /* AppDelegate.swift in Sources */,
				6877B6022D6C992500C25772 /* TaskCell.swift in Sources */,
				6877B5E82D6C977200C25772 /* SceneDelegate.swift in Sources */,
				6877B6112D6CDA6200C25772 /* TaskDetailCell.swift in Sources */,
				68BDD5F52D74A261007B71CD /* UILabel+Ext.swift in Sources */,
				68BDD5F32D749F6C007B71CD /* Reusable.swift in Sources */,
				6877B6142D6CDAA400C25772 /* MockDataResponse.swift in Sources */,
				68BDD5F72D74A310007B71CD /* BaseView + Ext.swift in Sources */,
				6877B5F02D6C977200C25772 /* ToDoList.xcdatamodeld in Sources */,
				6877B5FE2D6C989500C25772 /* TaskViewController.swift in Sources */,
				68BDD5F12D749E99007B71CD /* UIColor+Ext.swift in Sources */,
				68BDD5F92D74A415007B71CD /* UIStackView + Ext.swift in Sources */,
				68BDD5EF2D749E8D007B71CD /* UView+Ext.swift in Sources */,
				689E7D422D74832800058295 /* APIClient.swift in Sources */,
			);
			runOnlyForDeploymentPostprocessing = 0;
		};
/* End PBXSourcesBuildPhase section */

/* Begin PBXVariantGroup section */
		6877B5F32D6C977400C25772 /* LaunchScreen.storyboard */ = {
			isa = PBXVariantGroup;
			children = (
				6877B5F42D6C977400C25772 /* Base */,
			);
			name = LaunchScreen.storyboard;
			sourceTree = "<group>";
		};
/* End PBXVariantGroup section */

/* Begin XCBuildConfiguration section */
		6877B5F72D6C977400C25772 /* Debug */ = {
			isa = XCBuildConfiguration;
			buildSettings = {
				ALWAYS_SEARCH_USER_PATHS = NO;
				ASSETCATALOG_COMPILER_GENERATE_SWIFT_ASSET_SYMBOL_EXTENSIONS = YES;
				CLANG_ANALYZER_NONNULL = YES;
				CLANG_ANALYZER_NUMBER_OBJECT_CONVERSION = YES_AGGRESSIVE;
				CLANG_CXX_LANGUAGE_STANDARD = "gnu++20";
				CLANG_ENABLE_MODULES = YES;
				CLANG_ENABLE_OBJC_ARC = YES;
				CLANG_ENABLE_OBJC_WEAK = YES;
				CLANG_WARN_BLOCK_CAPTURE_AUTORELEASING = YES;
				CLANG_WARN_BOOL_CONVERSION = YES;
				CLANG_WARN_COMMA = YES;
				CLANG_WARN_CONSTANT_CONVERSION = YES;
				CLANG_WARN_DEPRECATED_OBJC_IMPLEMENTATIONS = YES;
				CLANG_WARN_DIRECT_OBJC_ISA_USAGE = YES_ERROR;
				CLANG_WARN_DOCUMENTATION_COMMENTS = YES;
				CLANG_WARN_EMPTY_BODY = YES;
				CLANG_WARN_ENUM_CONVERSION = YES;
				CLANG_WARN_INFINITE_RECURSION = YES;
				CLANG_WARN_INT_CONVERSION = YES;
				CLANG_WARN_NON_LITERAL_NULL_CONVERSION = YES;
				CLANG_WARN_OBJC_IMPLICIT_RETAIN_SELF = YES;
				CLANG_WARN_OBJC_LITERAL_CONVERSION = YES;
				CLANG_WARN_OBJC_ROOT_CLASS = YES_ERROR;
				CLANG_WARN_QUOTED_INCLUDE_IN_FRAMEWORK_HEADER = YES;
				CLANG_WARN_RANGE_LOOP_ANALYSIS = YES;
				CLANG_WARN_STRICT_PROTOTYPES = YES;
				CLANG_WARN_SUSPICIOUS_MOVE = YES;
				CLANG_WARN_UNGUARDED_AVAILABILITY = YES_AGGRESSIVE;
				CLANG_WARN_UNREACHABLE_CODE = YES;
				CLANG_WARN__DUPLICATE_METHOD_MATCH = YES;
				COPY_PHASE_STRIP = NO;
				DEBUG_INFORMATION_FORMAT = dwarf;
				ENABLE_STRICT_OBJC_MSGSEND = YES;
				ENABLE_TESTABILITY = YES;
				ENABLE_USER_SCRIPT_SANDBOXING = YES;
				GCC_C_LANGUAGE_STANDARD = gnu17;
				GCC_DYNAMIC_NO_PIC = NO;
				GCC_NO_COMMON_BLOCKS = YES;
				GCC_OPTIMIZATION_LEVEL = 0;
				GCC_PREPROCESSOR_DEFINITIONS = (
					"DEBUG=1",
					"$(inherited)",
				);
				GCC_WARN_64_TO_32_BIT_CONVERSION = YES;
				GCC_WARN_ABOUT_RETURN_TYPE = YES_ERROR;
				GCC_WARN_UNDECLARED_SELECTOR = YES;
				GCC_WARN_UNINITIALIZED_AUTOS = YES_AGGRESSIVE;
				GCC_WARN_UNUSED_FUNCTION = YES;
				GCC_WARN_UNUSED_VARIABLE = YES;
				IPHONEOS_DEPLOYMENT_TARGET = 17.2;
				LOCALIZATION_PREFERS_STRING_CATALOGS = YES;
				MTL_ENABLE_DEBUG_INFO = INCLUDE_SOURCE;
				MTL_FAST_MATH = YES;
				ONLY_ACTIVE_ARCH = YES;
				SDKROOT = iphoneos;
				SWIFT_ACTIVE_COMPILATION_CONDITIONS = "DEBUG $(inherited)";
				SWIFT_OPTIMIZATION_LEVEL = "-Onone";
			};
			name = Debug;
		};
		6877B5F82D6C977400C25772 /* Release */ = {
			isa = XCBuildConfiguration;
			buildSettings = {
				ALWAYS_SEARCH_USER_PATHS = NO;
				ASSETCATALOG_COMPILER_GENERATE_SWIFT_ASSET_SYMBOL_EXTENSIONS = YES;
				CLANG_ANALYZER_NONNULL = YES;
				CLANG_ANALYZER_NUMBER_OBJECT_CONVERSION = YES_AGGRESSIVE;
				CLANG_CXX_LANGUAGE_STANDARD = "gnu++20";
				CLANG_ENABLE_MODULES = YES;
				CLANG_ENABLE_OBJC_ARC = YES;
				CLANG_ENABLE_OBJC_WEAK = YES;
				CLANG_WARN_BLOCK_CAPTURE_AUTORELEASING = YES;
				CLANG_WARN_BOOL_CONVERSION = YES;
				CLANG_WARN_COMMA = YES;
				CLANG_WARN_CONSTANT_CONVERSION = YES;
				CLANG_WARN_DEPRECATED_OBJC_IMPLEMENTATIONS = YES;
				CLANG_WARN_DIRECT_OBJC_ISA_USAGE = YES_ERROR;
				CLANG_WARN_DOCUMENTATION_COMMENTS = YES;
				CLANG_WARN_EMPTY_BODY = YES;
				CLANG_WARN_ENUM_CONVERSION = YES;
				CLANG_WARN_INFINITE_RECURSION = YES;
				CLANG_WARN_INT_CONVERSION = YES;
				CLANG_WARN_NON_LITERAL_NULL_CONVERSION = YES;
				CLANG_WARN_OBJC_IMPLICIT_RETAIN_SELF = YES;
				CLANG_WARN_OBJC_LITERAL_CONVERSION = YES;
				CLANG_WARN_OBJC_ROOT_CLASS = YES_ERROR;
				CLANG_WARN_QUOTED_INCLUDE_IN_FRAMEWORK_HEADER = YES;
				CLANG_WARN_RANGE_LOOP_ANALYSIS = YES;
				CLANG_WARN_STRICT_PROTOTYPES = YES;
				CLANG_WARN_SUSPICIOUS_MOVE = YES;
				CLANG_WARN_UNGUARDED_AVAILABILITY = YES_AGGRESSIVE;
				CLANG_WARN_UNREACHABLE_CODE = YES;
				CLANG_WARN__DUPLICATE_METHOD_MATCH = YES;
				COPY_PHASE_STRIP = NO;
				DEBUG_INFORMATION_FORMAT = "dwarf-with-dsym";
				ENABLE_NS_ASSERTIONS = NO;
				ENABLE_STRICT_OBJC_MSGSEND = YES;
				ENABLE_USER_SCRIPT_SANDBOXING = YES;
				GCC_C_LANGUAGE_STANDARD = gnu17;
				GCC_NO_COMMON_BLOCKS = YES;
				GCC_WARN_64_TO_32_BIT_CONVERSION = YES;
				GCC_WARN_ABOUT_RETURN_TYPE = YES_ERROR;
				GCC_WARN_UNDECLARED_SELECTOR = YES;
				GCC_WARN_UNINITIALIZED_AUTOS = YES_AGGRESSIVE;
				GCC_WARN_UNUSED_FUNCTION = YES;
				GCC_WARN_UNUSED_VARIABLE = YES;
				IPHONEOS_DEPLOYMENT_TARGET = 17.2;
				LOCALIZATION_PREFERS_STRING_CATALOGS = YES;
				MTL_ENABLE_DEBUG_INFO = NO;
				MTL_FAST_MATH = YES;
				SDKROOT = iphoneos;
				SWIFT_COMPILATION_MODE = wholemodule;
				VALIDATE_PRODUCT = YES;
			};
			name = Release;
		};
		6877B5FA2D6C977400C25772 /* Debug */ = {
			isa = XCBuildConfiguration;
			buildSettings = {
				ASSETCATALOG_COMPILER_APPICON_NAME = AppIcon;
				ASSETCATALOG_COMPILER_GLOBAL_ACCENT_COLOR_NAME = AccentColor;
				CODE_SIGN_STYLE = Automatic;
				CURRENT_PROJECT_VERSION = 1;
				DEVELOPMENT_TEAM = 55Q7FX6GST;
				GENERATE_INFOPLIST_FILE = YES;
				INFOPLIST_FILE = ToDoList/Info.plist;
				INFOPLIST_KEY_UIApplicationSupportsIndirectInputEvents = YES;
				INFOPLIST_KEY_UILaunchStoryboardName = LaunchScreen;
				INFOPLIST_KEY_UIMainStoryboardFile = "";
				INFOPLIST_KEY_UISupportedInterfaceOrientations_iPad = "UIInterfaceOrientationPortrait UIInterfaceOrientationPortraitUpsideDown UIInterfaceOrientationLandscapeLeft UIInterfaceOrientationLandscapeRight";
				INFOPLIST_KEY_UISupportedInterfaceOrientations_iPhone = "UIInterfaceOrientationPortrait UIInterfaceOrientationLandscapeLeft UIInterfaceOrientationLandscapeRight";
				LD_RUNPATH_SEARCH_PATHS = (
					"$(inherited)",
					"@executable_path/Frameworks",
				);
				MARKETING_VERSION = 1.0;
				PRODUCT_BUNDLE_IDENTIFIER = co.jakhongir.ToDoList;
				PRODUCT_NAME = "$(TARGET_NAME)";
				SWIFT_EMIT_LOC_STRINGS = YES;
				SWIFT_VERSION = 5.0;
				TARGETED_DEVICE_FAMILY = "1,2";
			};
			name = Debug;
		};
		6877B5FB2D6C977400C25772 /* Release */ = {
			isa = XCBuildConfiguration;
			buildSettings = {
				ASSETCATALOG_COMPILER_APPICON_NAME = AppIcon;
				ASSETCATALOG_COMPILER_GLOBAL_ACCENT_COLOR_NAME = AccentColor;
				CODE_SIGN_STYLE = Automatic;
				CURRENT_PROJECT_VERSION = 1;
				DEVELOPMENT_TEAM = 55Q7FX6GST;
				GENERATE_INFOPLIST_FILE = YES;
				INFOPLIST_FILE = ToDoList/Info.plist;
				INFOPLIST_KEY_UIApplicationSupportsIndirectInputEvents = YES;
				INFOPLIST_KEY_UILaunchStoryboardName = LaunchScreen;
				INFOPLIST_KEY_UIMainStoryboardFile = "";
				INFOPLIST_KEY_UISupportedInterfaceOrientations_iPad = "UIInterfaceOrientationPortrait UIInterfaceOrientationPortraitUpsideDown UIInterfaceOrientationLandscapeLeft UIInterfaceOrientationLandscapeRight";
				INFOPLIST_KEY_UISupportedInterfaceOrientations_iPhone = "UIInterfaceOrientationPortrait UIInterfaceOrientationLandscapeLeft UIInterfaceOrientationLandscapeRight";
				LD_RUNPATH_SEARCH_PATHS = (
					"$(inherited)",
					"@executable_path/Frameworks",
				);
				MARKETING_VERSION = 1.0;
				PRODUCT_BUNDLE_IDENTIFIER = co.jakhongir.ToDoList;
				PRODUCT_NAME = "$(TARGET_NAME)";
				SWIFT_EMIT_LOC_STRINGS = YES;
				SWIFT_VERSION = 5.0;
				TARGETED_DEVICE_FAMILY = "1,2";
			};
			name = Release;
		};
/* End XCBuildConfiguration section */

/* Begin XCConfigurationList section */
		6877B5DD2D6C977200C25772 /* Build configuration list for PBXProject "ToDoList" */ = {
			isa = XCConfigurationList;
			buildConfigurations = (
				6877B5F72D6C977400C25772 /* Debug */,
				6877B5F82D6C977400C25772 /* Release */,
			);
			defaultConfigurationIsVisible = 0;
			defaultConfigurationName = Release;
		};
		6877B5F92D6C977400C25772 /* Build configuration list for PBXNativeTarget "ToDoList" */ = {
			isa = XCConfigurationList;
			buildConfigurations = (
				6877B5FA2D6C977400C25772 /* Debug */,
				6877B5FB2D6C977400C25772 /* Release */,
			);
			defaultConfigurationIsVisible = 0;
			defaultConfigurationName = Release;
		};
/* End XCConfigurationList section */

/* Begin XCRemoteSwiftPackageReference section */
		6877B6082D6CA1A300C25772 /* XCRemoteSwiftPackageReference "SnapKit" */ = {
			isa = XCRemoteSwiftPackageReference;
			repositoryURL = "https://github.com/SnapKit/SnapKit.git";
			requirement = {
				kind = upToNextMajorVersion;
				minimumVersion = 5.7.1;
			};
		};
/* End XCRemoteSwiftPackageReference section */

/* Begin XCSwiftPackageProductDependency section */
		6877B6092D6CA1A300C25772 /* SnapKit */ = {
			isa = XCSwiftPackageProductDependency;
			package = 6877B6082D6CA1A300C25772 /* XCRemoteSwiftPackageReference "SnapKit" */;
			productName = SnapKit;
		};
		6877B60B2D6CA1A300C25772 /* SnapKit-Dynamic */ = {
			isa = XCSwiftPackageProductDependency;
			package = 6877B6082D6CA1A300C25772 /* XCRemoteSwiftPackageReference "SnapKit" */;
			productName = "SnapKit-Dynamic";
		};
/* End XCSwiftPackageProductDependency section */

/* Begin XCVersionGroup section */
		6877B5EE2D6C977200C25772 /* ToDoList.xcdatamodeld */ = {
			isa = XCVersionGroup;
			children = (
				6877B5EF2D6C977200C25772 /* ToDoList.xcdatamodel */,
			);
			currentVersion = 6877B5EF2D6C977200C25772 /* ToDoList.xcdatamodel */;
			path = ToDoList.xcdatamodeld;
			sourceTree = "<group>";
			versionGroupType = wrapper.xcdatamodel;
		};
/* End XCVersionGroup section */
	};
	rootObject = 6877B5DA2D6C977200C25772 /* Project object */;
}
